
Microsoft Visual Studio Solution File, Format Version 12.00
# Visual Studio 15
VisualStudioVersion = 15.0.27703.2042
MinimumVisualStudioVersion = 10.0.40219.1
Project("{8BC9CEB8-8B4A-11D0-8D11-00A0C91BC942}") = "Exam", "Exam\Exam.vcxproj", "{FFCCA9A1-03DE-492B-8EE0-D3AFC9423DC0}"
EndProject
Global
	GlobalSection(SolutionConfigurationPlatforms) = preSolution
		Debug|x64 = Debug|x64
		Debug|x86 = Debug|x86
		Release|x64 = Release|x64
		Release|x86 = Release|x86
	EndGlobalSection
	GlobalSection(ProjectConfigurationPlatforms) = postSolution
		{FFCCA9A1-03DE-492B-8EE0-D3AFC9423DC0}.Debug|x64.ActiveCfg = Debug|x64
		{FFCCA9A1-03DE-492B-8EE0-D3AFC9423DC0}.Debug|x64.Build.0 = Debug|x64
		{FFCCA9A1-03DE-492B-8EE0-D3AFC9423DC0}.Debug|x86.ActiveCfg = Debug|Win32
		{FFCCA9A1-03DE-492B-8EE0-D3AFC9423DC0}.Debug|x86.Build.0 = Debug|Win32
		{FFCCA9A1-03DE-492B-8EE0-D3AFC9423DC0}.Release|x64.ActiveCfg = Release|x64
		{FFCCA9A1-03DE-492B-8EE0-D3AFC9423DC0}.Release|x64.Build.0 = Release|x64
		{FFCCA9A1-03DE-492B-8EE0-D3AFC9423DC0}.Release|x86.ActiveCfg = Release|Win32
		{FFCCA9A1-03DE-492B-8EE0-D3AFC9423DC0}.Release|x86.Build.0 = Release|Win32
	EndGlobalSection
	GlobalSection(SolutionProperties) = preSolution
		HideSolutionNode = FALSE
	EndGlobalSection
	GlobalSection(ExtensibilityGlobals) = postSolution
		SolutionGuid = {AD3DF932-DE8D-49DA-9AE7-5FAC6796B8E4}
	EndGlobalSection
EndGlobal
